// !$*UTF8*$!
{
	archiveVersion = 1;
	classes = {
	};
	objectVersion = 56;
	objects = {

/* Begin PBXBuildFile section */
		D0F55AA92AEE84B10052C52F /* AppDelegate.swift in Sources */ = {isa = PBXBuildFile; fileRef = D0F55AA82AEE84B10052C52F /* AppDelegate.swift */; };
		D0F55AAB2AEE84B10052C52F /* SceneDelegate.swift in Sources */ = {isa = PBXBuildFile; fileRef = D0F55AAA2AEE84B10052C52F /* SceneDelegate.swift */; };
		D0F55AAD2AEE84B10052C52F /* ViewController.swift in Sources */ = {isa = PBXBuildFile; fileRef = D0F55AAC2AEE84B10052C52F /* ViewController.swift */; };
		D0F55AB02AEE84B10052C52F /* Main.storyboard in Resources */ = {isa = PBXBuildFile; fileRef = D0F55AAE2AEE84B10052C52F /* Main.storyboard */; };
		D0F55AB22AEE84B30052C52F /* Assets.xcassets in Resources */ = {isa = PBXBuildFile; fileRef = D0F55AB12AEE84B30052C52F /* Assets.xcassets */; };
		D0F55AB52AEE84B30052C52F /* LaunchScreen.storyboard in Resources */ = {isa = PBXBuildFile; fileRef = D0F55AB32AEE84B30052C52F /* LaunchScreen.storyboard */; };
		D0F55AC02AEE84B30052C52F /* FavouriteBooksTests.swift in Sources */ = {isa = PBXBuildFile; fileRef = D0F55ABF2AEE84B30052C52F /* FavouriteBooksTests.swift */; };
		D0F55ACA2AEE84B30052C52F /* FavouriteBooksUITests.swift in Sources */ = {isa = PBXBuildFile; fileRef = D0F55AC92AEE84B30052C52F /* FavouriteBooksUITests.swift */; };
		D0F55ACC2AEE84B30052C52F /* FavouriteBooksUITestsLaunchTests.swift in Sources */ = {isa = PBXBuildFile; fileRef = D0F55ACB2AEE84B30052C52F /* FavouriteBooksUITestsLaunchTests.swift */; };
/* End PBXBuildFile section */

/* Begin PBXContainerItemProxy section */
		D0F55ABC2AEE84B30052C52F /* PBXContainerItemProxy */ = {
			isa = PBXContainerItemProxy;
			containerPortal = D0F55A9D2AEE84B10052C52F /* Project object */;
			proxyType = 1;
			remoteGlobalIDString = D0F55AA42AEE84B10052C52F;
			remoteInfo = FavouriteBooks;
		};
		D0F55AC62AEE84B30052C52F /* PBXContainerItemProxy */ = {
			isa = PBXContainerItemProxy;
			containerPortal = D0F55A9D2AEE84B10052C52F /* Project object */;
			proxyType = 1;
			remoteGlobalIDString = D0F55AA42AEE84B10052C52F;
			remoteInfo = FavouriteBooks;
		};
/* End PBXContainerItemProxy section */

/* Begin PBXFileReference section */
		D0F55AA52AEE84B10052C52F /* FavouriteBooks.app */ = {isa = PBXFileReference; explicitFileType = wrapper.application; includeInIndex = 0; path = FavouriteBooks.app; sourceTree = BUILT_PRODUCTS_DIR; };
		D0F55AA82AEE84B10052C52F /* AppDelegate.swift */ = {isa = PBXFileReference; lastKnownFileType = sourcecode.swift; path = AppDelegate.swift; sourceTree = "<group>"; };
		D0F55AAA2AEE84B10052C52F /* SceneDelegate.swift */ = {isa = PBXFileReference; lastKnownFileType = sourcecode.swift; path = SceneDelegate.swift; sourceTree = "<group>"; };
		D0F55AAC2AEE84B10052C52F /* ViewController.swift */ = {isa = PBXFileReference; lastKnownFileType = sourcecode.swift; path = ViewController.swift; sourceTree = "<group>"; };
		D0F55AAF2AEE84B10052C52F /* Base */ = {isa = PBXFileReference; lastKnownFileType = file.storyboard; name = Base; path = Base.lproj/Main.storyboard; sourceTree = "<group>"; };
		D0F55AB12AEE84B30052C52F /* Assets.xcassets */ = {isa = PBXFileReference; lastKnownFileType = folder.assetcatalog; path = Assets.xcassets; sourceTree = "<group>"; };
		D0F55AB42AEE84B30052C52F /* Base */ = {isa = PBXFileReference; lastKnownFileType = file.storyboard; name = Base; path = Base.lproj/LaunchScreen.storyboard; sourceTree = "<group>"; };
		D0F55AB62AEE84B30052C52F /* Info.plist */ = {isa = PBXFileReference; lastKnownFileType = text.plist.xml; path = Info.plist; sourceTree = "<group>"; };
		D0F55ABB2AEE84B30052C52F /* FavouriteBooksTests.xctest */ = {isa = PBXFileReference; explicitFileType = wrapper.cfbundle; includeInIndex = 0; path = FavouriteBooksTests.xctest; sourceTree = BUILT_PRODUCTS_DIR; };
		D0F55ABF2AEE84B30052C52F /* FavouriteBooksTests.swift */ = {isa = PBXFileReference; lastKnownFileType = sourcecode.swift; path = FavouriteBooksTests.swift; sourceTree = "<group>"; };
		D0F55AC52AEE84B30052C52F /* FavouriteBooksUITests.xctest */ = {isa = PBXFileReference; explicitFileType = wrapper.cfbundle; includeInIndex = 0; path = FavouriteBooksUITests.xctest; sourceTree = BUILT_PRODUCTS_DIR; };
		D0F55AC92AEE84B30052C52F /* FavouriteBooksUITests.swift */ = {isa = PBXFileReference; lastKnownFileType = sourcecode.swift; path = FavouriteBooksUITests.swift; sourceTree = "<group>"; };
		D0F55ACB2AEE84B30052C52F /* FavouriteBooksUITestsLaunchTests.swift */ = {isa = PBXFileReference; lastKnownFileType = sourcecode.swift; path = FavouriteBooksUITestsLaunchTests.swift; sourceTree = "<group>"; };
/* End PBXFileReference section */

/* Begin PBXFrameworksBuildPhase section */
		D0F55AA22AEE84B10052C52F /* Frameworks */ = {
			isa = PBXFrameworksBuildPhase;
			buildActionMask = 2147483647;
			files = (
			);
			runOnlyForDeploymentPostprocessing = 0;
		};
		D0F55AB82AEE84B30052C52F /* Frameworks */ = {
			isa = PBXFrameworksBuildPhase;
			buildActionMask = 2147483647;
			files = (
			);
			runOnlyForDeploymentPostprocessing = 0;
		};
		D0F55AC22AEE84B30052C52F /* Frameworks */ = {
			isa = PBXFrameworksBuildPhase;
			buildActionMask = 2147483647;
			files = (
			);
			runOnlyForDeploymentPostprocessing = 0;
		};
/* End PBXFrameworksBuildPhase section */

/* Begin PBXGroup section */
		D0F55A9C2AEE84B10052C52F = {
			isa = PBXGroup;
			children = (
				D0F55AA72AEE84B10052C52F /* FavouriteBooks */,
				D0F55ABE2AEE84B30052C52F /* FavouriteBooksTests */,
				D0F55AC82AEE84B30052C52F /* FavouriteBooksUITests */,
				D0F55AA62AEE84B10052C52F /* Products */,
			);
			sourceTree = "<group>";
		};
		D0F55AA62AEE84B10052C52F /* Products */ = {
			isa = PBXGroup;
			children = (
				D0F55AA52AEE84B10052C52F /* FavouriteBooks.app */,
				D0F55ABB2AEE84B30052C52F /* FavouriteBooksTests.xctest */,
				D0F55AC52AEE84B30052C52F /* FavouriteBooksUITests.xctest */,
			);
			name = Products;
			sourceTree = "<group>";
		};
		D0F55AA72AEE84B10052C52F /* FavouriteBooks */ = {
			isa = PBXGroup;
			children = (
				D0F55AA82AEE84B10052C52F /* AppDelegate.swift */,
				D0F55AAA2AEE84B10052C52F /* SceneDelegate.swift */,
				D0F55AAC2AEE84B10052C52F /* ViewController.swift */,
				D0F55AAE2AEE84B10052C52F /* Main.storyboard */,
				D0F55AB12AEE84B30052C52F /* Assets.xcassets */,
				D0F55AB32AEE84B30052C52F /* LaunchScreen.storyboard */,
				D0F55AB62AEE84B30052C52F /* Info.plist */,
			);
			path = FavouriteBooks;
			sourceTree = "<group>";
		};
		D0F55ABE2AEE84B30052C52F /* FavouriteBooksTests */ = {
			isa = PBXGroup;
			children = (
				D0F55ABF2AEE84B30052C52F /* FavouriteBooksTests.swift */,
			);
			path = FavouriteBooksTests;
			sourceTree = "<group>";
		};
		D0F55AC82AEE84B30052C52F /* FavouriteBooksUITests */ = {
			isa = PBXGroup;
			children = (
				D0F55AC92AEE84B30052C52F /* FavouriteBooksUITests.swift */,
				D0F55ACB2AEE84B30052C52F /* FavouriteBooksUITestsLaunchTests.swift */,
			);
			path = FavouriteBooksUITests;
			sourceTree = "<group>";
		};
/* End PBXGroup section */

/* Begin PBXNativeTarget section */
		D0F55AA42AEE84B10052C52F /* FavouriteBooks */ = {
			isa = PBXNativeTarget;
			buildConfigurationList = D0F55ACF2AEE84B30052C52F /* Build configuration list for PBXNativeTarget "FavouriteBooks" */;
			buildPhases = (
				D0F55AA12AEE84B10052C52F /* Sources */,
				D0F55AA22AEE84B10052C52F /* Frameworks */,
				D0F55AA32AEE84B10052C52F /* Resources */,
			);
			buildRules = (
			);
			dependencies = (
			);
			name = FavouriteBooks;
			productName = FavouriteBooks;
			productReference = D0F55AA52AEE84B10052C52F /* FavouriteBooks.app */;
			productType = "com.apple.product-type.application";
		};
		D0F55ABA2AEE84B30052C52F /* FavouriteBooksTests */ = {
			isa = PBXNativeTarget;
			buildConfigurationList = D0F55AD22AEE84B30052C52F /* Build configuration list for PBXNativeTarget "FavouriteBooksTests" */;
			buildPhases = (
				D0F55AB72AEE84B30052C52F /* Sources */,
				D0F55AB82AEE84B30052C52F /* Frameworks */,
				D0F55AB92AEE84B30052C52F /* Resources */,
			);
			buildRules = (
			);
			dependencies = (
				D0F55ABD2AEE84B30052C52F /* PBXTargetDependency */,
			);
			name = FavouriteBooksTests;
			productName = FavouriteBooksTests;
			productReference = D0F55ABB2AEE84B30052C52F /* FavouriteBooksTests.xctest */;
			productType = "com.apple.product-type.bundle.unit-test";
		};
		D0F55AC42AEE84B30052C52F /* FavouriteBooksUITests */ = {
			isa = PBXNativeTarget;
			buildConfigurationList = D0F55AD52AEE84B30052C52F /* Build configuration list for PBXNativeTarget "FavouriteBooksUITests" */;
			buildPhases = (
				D0F55AC12AEE84B30052C52F /* Sources */,
				D0F55AC22AEE84B30052C52F /* Frameworks */,
				D0F55AC32AEE84B30052C52F /* Resources */,
			);
			buildRules = (
			);
			dependencies = (
				D0F55AC72AEE84B30052C52F /* PBXTargetDependency */,
			);
			name = FavouriteBooksUITests;
			productName = FavouriteBooksUITests;
			productReference = D0F55AC52AEE84B30052C52F /* FavouriteBooksUITests.xctest */;
			productType = "com.apple.product-type.bundle.ui-testing";
		};
/* End PBXNativeTarget section */

/* Begin PBXProject section */
		D0F55A9D2AEE84B10052C52F /* Project object */ = {
			isa = PBXProject;
			attributes = {
				BuildIndependentTargetsInParallel = 1;
				LastSwiftUpdateCheck = 1500;
				LastUpgradeCheck = 1500;
				TargetAttributes = {
					D0F55AA42AEE84B10052C52F = {
						CreatedOnToolsVersion = 15.0;
					};
					D0F55ABA2AEE84B30052C52F = {
						CreatedOnToolsVersion = 15.0;
						TestTargetID = D0F55AA42AEE84B10052C52F;
					};
					D0F55AC42AEE84B30052C52F = {
						CreatedOnToolsVersion = 15.0;
						TestTargetID = D0F55AA42AEE84B10052C52F;
					};
				};
			};
			buildConfigurationList = D0F55AA02AEE84B10052C52F /* Build configuration list for PBXProject "FavouriteBooks" */;
			compatibilityVersion = "Xcode 14.0";
			developmentRegion = en;
			hasScannedForEncodings = 0;
			knownRegions = (
				en,
				Base,
			);
			mainGroup = D0F55A9C2AEE84B10052C52F;
			productRefGroup = D0F55AA62AEE84B10052C52F /* Products */;
			projectDirPath = "";
			projectRoot = "";
			targets = (
				D0F55AA42AEE84B10052C52F /* FavouriteBooks */,
				D0F55ABA2AEE84B30052C52F /* FavouriteBooksTests */,
				D0F55AC42AEE84B30052C52F /* FavouriteBooksUITests */,
			);
		};
/* End PBXProject section */

/* Begin PBXResourcesBuildPhase section */
		D0F55AA32AEE84B10052C52F /* Resources */ = {
			isa = PBXResourcesBuildPhase;
			buildActionMask = 2147483647;
			files = (
				D0F55AB52AEE84B30052C52F /* LaunchScreen.storyboard in Resources */,
				D0F55AB22AEE84B30052C52F /* Assets.xcassets in Resources */,
				D0F55AB02AEE84B10052C52F /* Main.storyboard in Resources */,
			);
			runOnlyForDeploymentPostprocessing = 0;
		};
		D0F55AB92AEE84B30052C52F /* Resources */ = {
			isa = PBXResourcesBuildPhase;
			buildActionMask = 2147483647;
			files = (
			);
			runOnlyForDeploymentPostprocessing = 0;
		};
		D0F55AC32AEE84B30052C52F /* Resources */ = {
			isa = PBXResourcesBuildPhase;
			buildActionMask = 2147483647;
			files = (
			);
			runOnlyForDeploymentPostprocessing = 0;
		};
/* End PBXResourcesBuildPhase section */

/* Begin PBXSourcesBuildPhase section */
		D0F55AA12AEE84B10052C52F /* Sources */ = {
			isa = PBXSourcesBuildPhase;
			buildActionMask = 2147483647;
			files = (
				D0F55AAD2AEE84B10052C52F /* ViewController.swift in Sources */,
				D0F55AA92AEE84B10052C52F /* AppDelegate.swift in Sources */,
				D0F55AAB2AEE84B10052C52F /* SceneDelegate.swift in Sources */,
			);
			runOnlyForDeploymentPostprocessing = 0;
		};
		D0F55AB72AEE84B30052C52F /* Sources */ = {
			isa = PBXSourcesBuildPhase;
			buildActionMask = 2147483647;
			files = (
				D0F55AC02AEE84B30052C52F /* FavouriteBooksTests.swift in Sources */,
			);
			runOnlyForDeploymentPostprocessing = 0;
		};
		D0F55AC12AEE84B30052C52F /* Sources */ = {
			isa = PBXSourcesBuildPhase;
			buildActionMask = 2147483647;
			files = (
				D0F55ACA2AEE84B30052C52F /* FavouriteBooksUITests.swift in Sources */,
				D0F55ACC2AEE84B30052C52F /* FavouriteBooksUITestsLaunchTests.swift in Sources */,
			);
			runOnlyForDeploymentPostprocessing = 0;
		};
/* End PBXSourcesBuildPhase section */

/* Begin PBXTargetDependency section */
		D0F55ABD2AEE84B30052C52F /* PBXTargetDependency */ = {
			isa = PBXTargetDependency;
			target = D0F55AA42AEE84B10052C52F /* FavouriteBooks */;
			targetProxy = D0F55ABC2AEE84B30052C52F /* PBXContainerItemProxy */;
		};
		D0F55AC72AEE84B30052C52F /* PBXTargetDependency */ = {
			isa = PBXTargetDependency;
			target = D0F55AA42AEE84B10052C52F /* FavouriteBooks */;
			targetProxy = D0F55AC62AEE84B30052C52F /* PBXContainerItemProxy */;
		};
/* End PBXTargetDependency section */

/* Begin PBXVariantGroup section */
		D0F55AAE2AEE84B10052C52F /* Main.storyboard */ = {
			isa = PBXVariantGroup;
			children = (
				D0F55AAF2AEE84B10052C52F /* Base */,
			);
			name = Main.storyboard;
			sourceTree = "<group>";
		};
		D0F55AB32AEE84B30052C52F /* LaunchScreen.storyboard */ = {
			isa = PBXVariantGroup;
			children = (
				D0F55AB42AEE84B30052C52F /* Base */,
			);
			name = LaunchScreen.storyboard;
			sourceTree = "<group>";
		};
/* End PBXVariantGroup section */

/* Begin XCBuildConfiguration section */
		D0F55ACD2AEE84B30052C52F /* Debug */ = {
			isa = XCBuildConfiguration;
			buildSettings = {
				ALWAYS_SEARCH_USER_PATHS = NO;
				ASSETCATALOG_COMPILER_GENERATE_SWIFT_ASSET_SYMBOL_EXTENSIONS = YES;
				CLANG_ANALYZER_NONNULL = YES;
				CLANG_ANALYZER_NUMBER_OBJECT_CONVERSION = YES_AGGRESSIVE;
				CLANG_CXX_LANGUAGE_STANDARD = "gnu++20";
				CLANG_ENABLE_MODULES = YES;
				CLANG_ENABLE_OBJC_ARC = YES;
				CLANG_ENABLE_OBJC_WEAK = YES;
				CLANG_WARN_BLOCK_CAPTURE_AUTORELEASING = YES;
				CLANG_WARN_BOOL_CONVERSION = YES;
				CLANG_WARN_COMMA = YES;
				CLANG_WARN_CONSTANT_CONVERSION = YES;
				CLANG_WARN_DEPRECATED_OBJC_IMPLEMENTATIONS = YES;
				CLANG_WARN_DIRECT_OBJC_ISA_USAGE = YES_ERROR;
				CLANG_WARN_DOCUMENTATION_COMMENTS = YES;
				CLANG_WARN_EMPTY_BODY = YES;
				CLANG_WARN_ENUM_CONVERSION = YES;
				CLANG_WARN_INFINITE_RECURSION = YES;
				CLANG_WARN_INT_CONVERSION = YES;
				CLANG_WARN_NON_LITERAL_NULL_CONVERSION = YES;
				CLANG_WARN_OBJC_IMPLICIT_RETAIN_SELF = YES;
				CLANG_WARN_OBJC_LITERAL_CONVERSION = YES;
				CLANG_WARN_OBJC_ROOT_CLASS = YES_ERROR;
				CLANG_WARN_QUOTED_INCLUDE_IN_FRAMEWORK_HEADER = YES;
				CLANG_WARN_RANGE_LOOP_ANALYSIS = YES;
				CLANG_WARN_STRICT_PROTOTYPES = YES;
				CLANG_WARN_SUSPICIOUS_MOVE = YES;
				CLANG_WARN_UNGUARDED_AVAILABILITY = YES_AGGRESSIVE;
				CLANG_WARN_UNREACHABLE_CODE = YES;
				CLANG_WARN__DUPLICATE_METHOD_MATCH = YES;
				COPY_PHASE_STRIP = NO;
				DEBUG_INFORMATION_FORMAT = dwarf;
				ENABLE_STRICT_OBJC_MSGSEND = YES;
				ENABLE_TESTABILITY = YES;
				ENABLE_USER_SCRIPT_SANDBOXING = YES;
				GCC_C_LANGUAGE_STANDARD = gnu17;
				GCC_DYNAMIC_NO_PIC = NO;
				GCC_NO_COMMON_BLOCKS = YES;
				GCC_OPTIMIZATION_LEVEL = 0;
				GCC_PREPROCESSOR_DEFINITIONS = (
					"DEBUG=1",
					"$(inherited)",
				);
				GCC_WARN_64_TO_32_BIT_CONVERSION = YES;
				GCC_WARN_ABOUT_RETURN_TYPE = YES_ERROR;
				GCC_WARN_UNDECLARED_SELECTOR = YES;
				GCC_WARN_UNINITIALIZED_AUTOS = YES_AGGRESSIVE;
				GCC_WARN_UNUSED_FUNCTION = YES;
				GCC_WARN_UNUSED_VARIABLE = YES;
				IPHONEOS_DEPLOYMENT_TARGET = 17.0;
				LOCALIZATION_PREFERS_STRING_CATALOGS = YES;
				MTL_ENABLE_DEBUG_INFO = INCLUDE_SOURCE;
				MTL_FAST_MATH = YES;
				ONLY_ACTIVE_ARCH = YES;
				SDKROOT = iphoneos;
				SWIFT_ACTIVE_COMPILATION_CONDITIONS = "DEBUG $(inherited)";
				SWIFT_OPTIMIZATION_LEVEL = "-Onone";
			};
			name = Debug;
		};
		D0F55ACE2AEE84B30052C52F /* Release */ = {
			isa = XCBuildConfiguration;
			buildSettings = {
				ALWAYS_SEARCH_USER_PATHS = NO;
				ASSETCATALOG_COMPILER_GENERATE_SWIFT_ASSET_SYMBOL_EXTENSIONS = YES;
				CLANG_ANALYZER_NONNULL = YES;
				CLANG_ANALYZER_NUMBER_OBJECT_CONVERSION = YES_AGGRESSIVE;
				CLANG_CXX_LANGUAGE_STANDARD = "gnu++20";
				CLANG_ENABLE_MODULES = YES;
				CLANG_ENABLE_OBJC_ARC = YES;
				CLANG_ENABLE_OBJC_WEAK = YES;
				CLANG_WARN_BLOCK_CAPTURE_AUTORELEASING = YES;
				CLANG_WARN_BOOL_CONVERSION = YES;
				CLANG_WARN_COMMA = YES;
				CLANG_WARN_CONSTANT_CONVERSION = YES;
				CLANG_WARN_DEPRECATED_OBJC_IMPLEMENTATIONS = YES;
				CLANG_WARN_DIRECT_OBJC_ISA_USAGE = YES_ERROR;
				CLANG_WARN_DOCUMENTATION_COMMENTS = YES;
				CLANG_WARN_EMPTY_BODY = YES;
				CLANG_WARN_ENUM_CONVERSION = YES;
				CLANG_WARN_INFINITE_RECURSION = YES;
				CLANG_WARN_INT_CONVERSION = YES;
				CLANG_WARN_NON_LITERAL_NULL_CONVERSION = YES;
				CLANG_WARN_OBJC_IMPLICIT_RETAIN_SELF = YES;
				CLANG_WARN_OBJC_LITERAL_CONVERSION = YES;
				CLANG_WARN_OBJC_ROOT_CLASS = YES_ERROR;
				CLANG_WARN_QUOTED_INCLUDE_IN_FRAMEWORK_HEADER = YES;
				CLANG_WARN_RANGE_LOOP_ANALYSIS = YES;
				CLANG_WARN_STRICT_PROTOTYPES = YES;
				CLANG_WARN_SUSPICIOUS_MOVE = YES;
				CLANG_WARN_UNGUARDED_AVAILABILITY = YES_AGGRESSIVE;
				CLANG_WARN_UNREACHABLE_CODE = YES;
				CLANG_WARN__DUPLICATE_METHOD_MATCH = YES;
				COPY_PHASE_STRIP = NO;
				DEBUG_INFORMATION_FORMAT = "dwarf-with-dsym";
				ENABLE_NS_ASSERTIONS = NO;
				ENABLE_STRICT_OBJC_MSGSEND = YES;
				ENABLE_USER_SCRIPT_SANDBOXING = YES;
				GCC_C_LANGUAGE_STANDARD = gnu17;
				GCC_NO_COMMON_BLOCKS = YES;
				GCC_WARN_64_TO_32_BIT_CONVERSION = YES;
				GCC_WARN_ABOUT_RETURN_TYPE = YES_ERROR;
				GCC_WARN_UNDECLARED_SELECTOR = YES;
				GCC_WARN_UNINITIALIZED_AUTOS = YES_AGGRESSIVE;
				GCC_WARN_UNUSED_FUNCTION = YES;
				GCC_WARN_UNUSED_VARIABLE = YES;
				IPHONEOS_DEPLOYMENT_TARGET = 17.0;
				LOCALIZATION_PREFERS_STRING_CATALOGS = YES;
				MTL_ENABLE_DEBUG_INFO = NO;
				MTL_FAST_MATH = YES;
				SDKROOT = iphoneos;
				SWIFT_COMPILATION_MODE = wholemodule;
				VALIDATE_PRODUCT = YES;
			};
			name = Release;
		};
		D0F55AD02AEE84B30052C52F /* Debug */ = {
			isa = XCBuildConfiguration;
			buildSettings = {
				ASSETCATALOG_COMPILER_APPICON_NAME = AppIcon;
				ASSETCATALOG_COMPILER_GLOBAL_ACCENT_COLOR_NAME = AccentColor;
				CODE_SIGN_STYLE = Automatic;
				CURRENT_PROJECT_VERSION = 1;
				GENERATE_INFOPLIST_FILE = YES;
				INFOPLIST_FILE = FavouriteBooks/Info.plist;
				INFOPLIST_KEY_UIApplicationSupportsIndirectInputEvents = YES;
				INFOPLIST_KEY_UILaunchStoryboardName = LaunchScreen;
				INFOPLIST_KEY_UIMainStoryboardFile = Main;
				INFOPLIST_KEY_UISupportedInterfaceOrientations_iPad = "UIInterfaceOrientationPortrait UIInterfaceOrientationPortraitUpsideDown UIInterfaceOrientationLandscapeLeft UIInterfaceOrientationLandscapeRight";
				INFOPLIST_KEY_UISupportedInterfaceOrientations_iPhone = "UIInterfaceOrientationPortrait UIInterfaceOrientationLandscapeLeft UIInterfaceOrientationLandscapeRight";
				LD_RUNPATH_SEARCH_PATHS = (
					"$(inherited)",
					"@executable_path/Frameworks",
				);
				MARKETING_VERSION = 1.0;
				PRODUCT_BUNDLE_IDENTIFIER = soft.FavouriteBooks;
				PRODUCT_NAME = "$(TARGET_NAME)";
				SWIFT_EMIT_LOC_STRINGS = YES;
				SWIFT_VERSION = 5.0;
				TARGETED_DEVICE_FAMILY = "1,2";
			};
			name = Debug;
		};
		D0F55AD12AEE84B30052C52F /* Release */ = {
			isa = XCBuildConfiguration;
			buildSettings = {
				ASSETCATALOG_COMPILER_APPICON_NAME = AppIcon;
				ASSETCATALOG_COMPILER_GLOBAL_ACCENT_COLOR_NAME = AccentColor;
				CODE_SIGN_STYLE = Automatic;
				CURRENT_PROJECT_VERSION = 1;
				GENERATE_INFOPLIST_FILE = YES;
				INFOPLIST_FILE = FavouriteBooks/Info.plist;
				INFOPLIST_KEY_UIApplicationSupportsIndirectInputEvents = YES;
				INFOPLIST_KEY_UILaunchStoryboardName = LaunchScreen;
				INFOPLIST_KEY_UIMainStoryboardFile = Main;
				INFOPLIST_KEY_UISupportedInterfaceOrientations_iPad = "UIInterfaceOrientationPortrait UIInterfaceOrientationPortraitUpsideDown UIInterfaceOrientationLandscapeLeft UIInterfaceOrientationLandscapeRight";
				INFOPLIST_KEY_UISupportedInterfaceOrientations_iPhone = "UIInterfaceOrientationPortrait UIInterfaceOrientationLandscapeLeft UIInterfaceOrientationLandscapeRight";
				LD_RUNPATH_SEARCH_PATHS = (
					"$(inherited)",
					"@executable_path/Frameworks",
				);
				MARKETING_VERSION = 1.0;
				PRODUCT_BUNDLE_IDENTIFIER = soft.FavouriteBooks;
				PRODUCT_NAME = "$(TARGET_NAME)";
				SWIFT_EMIT_LOC_STRINGS = YES;
				SWIFT_VERSION = 5.0;
				TARGETED_DEVICE_FAMILY = "1,2";
			};
			name = Release;
		};
		D0F55AD32AEE84B30052C52F /* Debug */ = {
			isa = XCBuildConfiguration;
			buildSettings = {
				ALWAYS_EMBED_SWIFT_STANDARD_LIBRARIES = YES;
				BUNDLE_LOADER = "$(TEST_HOST)";
				CODE_SIGN_STYLE = Automatic;
				CURRENT_PROJECT_VERSION = 1;
				GENERATE_INFOPLIST_FILE = YES;
				IPHONEOS_DEPLOYMENT_TARGET = 17.0;
				MARKETING_VERSION = 1.0;
				PRODUCT_BUNDLE_IDENTIFIER = soft.FavouriteBooksTests;
				PRODUCT_NAME = "$(TARGET_NAME)";
				SWIFT_EMIT_LOC_STRINGS = NO;
				SWIFT_VERSION = 5.0;
				TARGETED_DEVICE_FAMILY = "1,2";
				TEST_HOST = "$(BUILT_PRODUCTS_DIR)/FavouriteBooks.app/$(BUNDLE_EXECUTABLE_FOLDER_PATH)/FavouriteBooks";
			};
			name = Debug;
		};
		D0F55AD42AEE84B30052C52F /* Release */ = {
			isa = XCBuildConfiguration;
			buildSettings = {
				ALWAYS_EMBED_SWIFT_STANDARD_LIBRARIES = YES;
				BUNDLE_LOADER = "$(TEST_HOST)";
				CODE_SIGN_STYLE = Automatic;
				CURRENT_PROJECT_VERSION = 1;
				GENERATE_INFOPLIST_FILE = YES;
				IPHONEOS_DEPLOYMENT_TARGET = 17.0;
				MARKETING_VERSION = 1.0;
				PRODUCT_BUNDLE_IDENTIFIER = soft.FavouriteBooksTests;
				PRODUCT_NAME = "$(TARGET_NAME)";
				SWIFT_EMIT_LOC_STRINGS = NO;
				SWIFT_VERSION = 5.0;
				TARGETED_DEVICE_FAMILY = "1,2";
				TEST_HOST = "$(BUILT_PRODUCTS_DIR)/FavouriteBooks.app/$(BUNDLE_EXECUTABLE_FOLDER_PATH)/FavouriteBooks";
			};
			name = Release;
		};
		D0F55AD62AEE84B30052C52F /* Debug */ = {
			isa = XCBuildConfiguration;
			buildSettings = {
				ALWAYS_EMBED_SWIFT_STANDARD_LIBRARIES = YES;
				CODE_SIGN_STYLE = Automatic;
				CURRENT_PROJECT_VERSION = 1;
				GENERATE_INFOPLIST_FILE = YES;
				MARKETING_VERSION = 1.0;
				PRODUCT_BUNDLE_IDENTIFIER = soft.FavouriteBooksUITests;
				PRODUCT_NAME = "$(TARGET_NAME)";
				SWIFT_EMIT_LOC_STRINGS = NO;
				SWIFT_VERSION = 5.0;
				TARGETED_DEVICE_FAMILY = "1,2";
				TEST_TARGET_NAME = FavouriteBooks;
			};
			name = Debug;
		};
		D0F55AD72AEE84B30052C52F /* Release */ = {
			isa = XCBuildConfiguration;
			buildSettings = {
				ALWAYS_EMBED_SWIFT_STANDARD_LIBRARIES = YES;
				CODE_SIGN_STYLE = Automatic;
				CURRENT_PROJECT_VERSION = 1;
				GENERATE_INFOPLIST_FILE = YES;
				MARKETING_VERSION = 1.0;
				PRODUCT_BUNDLE_IDENTIFIER = soft.FavouriteBooksUITests;
				PRODUCT_NAME = "$(TARGET_NAME)";
				SWIFT_EMIT_LOC_STRINGS = NO;
				SWIFT_VERSION = 5.0;
				TARGETED_DEVICE_FAMILY = "1,2";
				TEST_TARGET_NAME = FavouriteBooks;
			};
			name = Release;
		};
/* End XCBuildConfiguration section */

/* Begin XCConfigurationList section */
		D0F55AA02AEE84B10052C52F /* Build configuration list for PBXProject "FavouriteBooks" */ = {
			isa = XCConfigurationList;
			buildConfigurations = (
				D0F55ACD2AEE84B30052C52F /* Debug */,
				D0F55ACE2AEE84B30052C52F /* Release */,
			);
			defaultConfigurationIsVisible = 0;
			defaultConfigurationName = Release;
		};
		D0F55ACF2AEE84B30052C52F /* Build configuration list for PBXNativeTarget "FavouriteBooks" */ = {
			isa = XCConfigurationList;
			buildConfigurations = (
				D0F55AD02AEE84B30052C52F /* Debug */,
				D0F55AD12AEE84B30052C52F /* Release */,
			);
			defaultConfigurationIsVisible = 0;
			defaultConfigurationName = Release;
		};
		D0F55AD22AEE84B30052C52F /* Build configuration list for PBXNativeTarget "FavouriteBooksTests" */ = {
			isa = XCConfigurationList;
			buildConfigurations = (
				D0F55AD32AEE84B30052C52F /* Debug */,
				D0F55AD42AEE84B30052C52F /* Release */,
			);
			defaultConfigurationIsVisible = 0;
			defaultConfigurationName = Release;
		};
		D0F55AD52AEE84B30052C52F /* Build configuration list for PBXNativeTarget "FavouriteBooksUITests" */ = {
			isa = XCConfigurationList;
			buildConfigurations = (
				D0F55AD62AEE84B30052C52F /* Debug */,
				D0F55AD72AEE84B30052C52F /* Release */,
			);
			defaultConfigurationIsVisible = 0;
			defaultConfigurationName = Release;
		};
/* End XCConfigurationList section */
	};
	rootObject = D0F55A9D2AEE84B10052C52F /* Project object */;
}
